// !$*UTF8*$!
{
	archiveVersion = 1;
	classes = {
	};
	objectVersion = 56;
	objects = {

/* Begin PBXBuildFile section */
		BCB740802BA5AD6000269859 /* AppDelegate.swift in Sources */ = {isa = PBXBuildFile; fileRef = BCB7407F2BA5AD6000269859 /* AppDelegate.swift */; };
		BCB740822BA5AD6000269859 /* SceneDelegate.swift in Sources */ = {isa = PBXBuildFile; fileRef = BCB740812BA5AD6000269859 /* SceneDelegate.swift */; };
		BCB740872BA5AD6000269859 /* Main.storyboard in Resources */ = {isa = PBXBuildFile; fileRef = BCB740852BA5AD6000269859 /* Main.storyboard */; };
		BCB740892BA5AD6100269859 /* Assets.xcassets in Resources */ = {isa = PBXBuildFile; fileRef = BCB740882BA5AD6100269859 /* Assets.xcassets */; };
		BCB7408C2BA5AD6100269859 /* LaunchScreen.storyboard in Resources */ = {isa = PBXBuildFile; fileRef = BCB7408A2BA5AD6100269859 /* LaunchScreen.storyboard */; };
		BCB740972BA5AD6100269859 /* UnitTestExampleTests.swift in Sources */ = {isa = PBXBuildFile; fileRef = BCB740962BA5AD6100269859 /* UnitTestExampleTests.swift */; };
		BCB740B82BA5AEA600269859 /* Endpointable.swift in Sources */ = {isa = PBXBuildFile; fileRef = BCB740B72BA5AEA600269859 /* Endpointable.swift */; };
		BCB740BA2BA5AEB800269859 /* Networkable.swift in Sources */ = {isa = PBXBuildFile; fileRef = BCB740B92BA5AEB800269859 /* Networkable.swift */; };
		BCB740BC2BA5B06D00269859 /* MainEndpoint.swift in Sources */ = {isa = PBXBuildFile; fileRef = BCB740BB2BA5B06D00269859 /* MainEndpoint.swift */; };
		BCB740C22BA5B0DE00269859 /* MainResponseModel.swift in Sources */ = {isa = PBXBuildFile; fileRef = BCB740C12BA5B0DE00269859 /* MainResponseModel.swift */; };
		BCB740C42BA5B10400269859 /* ListServiceableProtocols.swift in Sources */ = {isa = PBXBuildFile; fileRef = BCB740C32BA5B10400269859 /* ListServiceableProtocols.swift */; };
		BCB740C62BA5B12600269859 /* ListService.swift in Sources */ = {isa = PBXBuildFile; fileRef = BCB740C52BA5B12600269859 /* ListService.swift */; };
		BCB740C82BA5B20600269859 /* MainViewModelProtocol.swift in Sources */ = {isa = PBXBuildFile; fileRef = BCB740C72BA5B20600269859 /* MainViewModelProtocol.swift */; };
		BCB740CA2BA5B21D00269859 /* MainViewModel.swift in Sources */ = {isa = PBXBuildFile; fileRef = BCB740C92BA5B21D00269859 /* MainViewModel.swift */; };
		BCB740CC2BA5B3F300269859 /* MainVC.swift in Sources */ = {isa = PBXBuildFile; fileRef = BCB740CB2BA5B3F300269859 /* MainVC.swift */; };
		BCB740CF2BA5B5C900269859 /* MockListService.swift in Sources */ = {isa = PBXBuildFile; fileRef = BCB740CE2BA5B5C900269859 /* MockListService.swift */; };
		BCB740D22BA5B63B00269859 /* MockJSONParser.swift in Sources */ = {isa = PBXBuildFile; fileRef = BCB740D12BA5B63B00269859 /* MockJSONParser.swift */; };
		BCB740D52BA5B90F00269859 /* ServiceManager.swift in Sources */ = {isa = PBXBuildFile; fileRef = BCB740D42BA5B90F00269859 /* ServiceManager.swift */; };
/* End PBXBuildFile section */

/* Begin PBXContainerItemProxy section */
		BCB740932BA5AD6100269859 /* PBXContainerItemProxy */ = {
			isa = PBXContainerItemProxy;
			containerPortal = BCB740742BA5AD6000269859 /* Project object */;
			proxyType = 1;
			remoteGlobalIDString = BCB7407B2BA5AD6000269859;
			remoteInfo = UnitTestExample;
		};
/* End PBXContainerItemProxy section */

/* Begin PBXFileReference section */
		BCB7407C2BA5AD6000269859 /* UnitTestExample.app */ = {isa = PBXFileReference; explicitFileType = wrapper.application; includeInIndex = 0; path = UnitTestExample.app; sourceTree = BUILT_PRODUCTS_DIR; };
		BCB7407F2BA5AD6000269859 /* AppDelegate.swift */ = {isa = PBXFileReference; lastKnownFileType = sourcecode.swift; path = AppDelegate.swift; sourceTree = "<group>"; };
		BCB740812BA5AD6000269859 /* SceneDelegate.swift */ = {isa = PBXFileReference; lastKnownFileType = sourcecode.swift; path = SceneDelegate.swift; sourceTree = "<group>"; };
		BCB740862BA5AD6000269859 /* Base */ = {isa = PBXFileReference; lastKnownFileType = file.storyboard; name = Base; path = Base.lproj/Main.storyboard; sourceTree = "<group>"; };
		BCB740882BA5AD6100269859 /* Assets.xcassets */ = {isa = PBXFileReference; lastKnownFileType = folder.assetcatalog; path = Assets.xcassets; sourceTree = "<group>"; };
		BCB7408B2BA5AD6100269859 /* Base */ = {isa = PBXFileReference; lastKnownFileType = file.storyboard; name = Base; path = Base.lproj/LaunchScreen.storyboard; sourceTree = "<group>"; };
		BCB7408D2BA5AD6100269859 /* Info.plist */ = {isa = PBXFileReference; lastKnownFileType = text.plist.xml; path = Info.plist; sourceTree = "<group>"; };
		BCB740922BA5AD6100269859 /* UnitTestExampleTests.xctest */ = {isa = PBXFileReference; explicitFileType = wrapper.cfbundle; includeInIndex = 0; path = UnitTestExampleTests.xctest; sourceTree = BUILT_PRODUCTS_DIR; };
		BCB740962BA5AD6100269859 /* UnitTestExampleTests.swift */ = {isa = PBXFileReference; lastKnownFileType = sourcecode.swift; path = UnitTestExampleTests.swift; sourceTree = "<group>"; };
		BCB740B72BA5AEA600269859 /* Endpointable.swift */ = {isa = PBXFileReference; lastKnownFileType = sourcecode.swift; path = Endpointable.swift; sourceTree = "<group>"; };
		BCB740B92BA5AEB800269859 /* Networkable.swift */ = {isa = PBXFileReference; lastKnownFileType = sourcecode.swift; path = Networkable.swift; sourceTree = "<group>"; };
		BCB740BB2BA5B06D00269859 /* MainEndpoint.swift */ = {isa = PBXFileReference; lastKnownFileType = sourcecode.swift; path = MainEndpoint.swift; sourceTree = "<group>"; };
		BCB740C12BA5B0DE00269859 /* MainResponseModel.swift */ = {isa = PBXFileReference; lastKnownFileType = sourcecode.swift; path = MainResponseModel.swift; sourceTree = "<group>"; };
		BCB740C32BA5B10400269859 /* ListServiceableProtocols.swift */ = {isa = PBXFileReference; lastKnownFileType = sourcecode.swift; path = ListServiceableProtocols.swift; sourceTree = "<group>"; };
		BCB740C52BA5B12600269859 /* ListService.swift */ = {isa = PBXFileReference; lastKnownFileType = sourcecode.swift; path = ListService.swift; sourceTree = "<group>"; };
		BCB740C72BA5B20600269859 /* MainViewModelProtocol.swift */ = {isa = PBXFileReference; lastKnownFileType = sourcecode.swift; path = MainViewModelProtocol.swift; sourceTree = "<group>"; };
		BCB740C92BA5B21D00269859 /* MainViewModel.swift */ = {isa = PBXFileReference; lastKnownFileType = sourcecode.swift; path = MainViewModel.swift; sourceTree = "<group>"; };
		BCB740CB2BA5B3F300269859 /* MainVC.swift */ = {isa = PBXFileReference; lastKnownFileType = sourcecode.swift; path = MainVC.swift; sourceTree = "<group>"; };
		BCB740CE2BA5B5C900269859 /* MockListService.swift */ = {isa = PBXFileReference; lastKnownFileType = sourcecode.swift; path = MockListService.swift; sourceTree = "<group>"; };
		BCB740D12BA5B63B00269859 /* MockJSONParser.swift */ = {isa = PBXFileReference; lastKnownFileType = sourcecode.swift; path = MockJSONParser.swift; sourceTree = "<group>"; };
		BCB740D42BA5B90F00269859 /* ServiceManager.swift */ = {isa = PBXFileReference; lastKnownFileType = sourcecode.swift; path = ServiceManager.swift; sourceTree = "<group>"; };
/* End PBXFileReference section */

/* Begin PBXFrameworksBuildPhase section */
		BCB740792BA5AD6000269859 /* Frameworks */ = {
			isa = PBXFrameworksBuildPhase;
			buildActionMask = 2147483647;
			files = (
			);
			runOnlyForDeploymentPostprocessing = 0;
		};
		BCB7408F2BA5AD6100269859 /* Frameworks */ = {
			isa = PBXFrameworksBuildPhase;
			buildActionMask = 2147483647;
			files = (
			);
			runOnlyForDeploymentPostprocessing = 0;
		};
/* End PBXFrameworksBuildPhase section */

/* Begin PBXGroup section */
		BCB740732BA5AD6000269859 = {
			isa = PBXGroup;
			children = (
				BCB7407E2BA5AD6000269859 /* UnitTestExample */,
				BCB740952BA5AD6100269859 /* UnitTestExampleTests */,
				BCB7407D2BA5AD6000269859 /* Products */,
			);
			sourceTree = "<group>";
		};
		BCB7407D2BA5AD6000269859 /* Products */ = {
			isa = PBXGroup;
			children = (
				BCB7407C2BA5AD6000269859 /* UnitTestExample.app */,
				BCB740922BA5AD6100269859 /* UnitTestExampleTests.xctest */,
			);
			name = Products;
			sourceTree = "<group>";
		};
		BCB7407E2BA5AD6000269859 /* UnitTestExample */ = {
			isa = PBXGroup;
			children = (
				BCB740B32BA5AE7E00269859 /* Network */,
				BCB740B22BA5AE1300269859 /* Modules */,
				BCB740B02BA5ADE200269859 /* Resources */,
				BCB740AF2BA5AD8D00269859 /* Delegates */,
			);
			path = UnitTestExample;
			sourceTree = "<group>";
		};
		BCB740952BA5AD6100269859 /* UnitTestExampleTests */ = {
			isa = PBXGroup;
			children = (
				BCB740D12BA5B63B00269859 /* MockJSONParser.swift */,
				BCB740CE2BA5B5C900269859 /* MockListService.swift */,
				BCB740962BA5AD6100269859 /* UnitTestExampleTests.swift */,
			);
			path = UnitTestExampleTests;
			sourceTree = "<group>";
		};
		BCB740AF2BA5AD8D00269859 /* Delegates */ = {
			isa = PBXGroup;
			children = (
				BCB7407F2BA5AD6000269859 /* AppDelegate.swift */,
				BCB740812BA5AD6000269859 /* SceneDelegate.swift */,
			);
			path = Delegates;
			sourceTree = "<group>";
		};
		BCB740B02BA5ADE200269859 /* Resources */ = {
			isa = PBXGroup;
			children = (
				BCB740852BA5AD6000269859 /* Main.storyboard */,
				BCB740882BA5AD6100269859 /* Assets.xcassets */,
				BCB7408A2BA5AD6100269859 /* LaunchScreen.storyboard */,
				BCB7408D2BA5AD6100269859 /* Info.plist */,
			);
			path = Resources;
			sourceTree = "<group>";
		};
		BCB740B12BA5AE0F00269859 /* Main */ = {
			isa = PBXGroup;
			children = (
				BCB740C02BA5B0C500269859 /* ViewModel */,
				BCB740BF2BA5B0C300269859 /* View */,
				BCB740BE2BA5B0BA00269859 /* Repository */,
				BCB740BD2BA5B0B700269859 /* Model */,
			);
			path = Main;
			sourceTree = "<group>";
		};
		BCB740B22BA5AE1300269859 /* Modules */ = {
			isa = PBXGroup;
			children = (
				BCB740B12BA5AE0F00269859 /* Main */,
			);
			path = Modules;
			sourceTree = "<group>";
		};
		BCB740B32BA5AE7E00269859 /* Network */ = {
			isa = PBXGroup;
			children = (
				BCB740D32BA5B8F700269859 /* Manager */,
				BCB740B52BA5AE9100269859 /* Protocols */,
				BCB740B42BA5AE8D00269859 /* Endpoints */,
			);
			path = Network;
			sourceTree = "<group>";
		};
		BCB740B42BA5AE8D00269859 /* Endpoints */ = {
			isa = PBXGroup;
			children = (
				BCB740BB2BA5B06D00269859 /* MainEndpoint.swift */,
			);
			path = Endpoints;
			sourceTree = "<group>";
		};
		BCB740B52BA5AE9100269859 /* Protocols */ = {
			isa = PBXGroup;
			children = (
				BCB740B72BA5AEA600269859 /* Endpointable.swift */,
				BCB740B92BA5AEB800269859 /* Networkable.swift */,
			);
			path = Protocols;
			sourceTree = "<group>";
		};
		BCB740BD2BA5B0B700269859 /* Model */ = {
			isa = PBXGroup;
			children = (
				BCB740C12BA5B0DE00269859 /* MainResponseModel.swift */,
			);
			path = Model;
			sourceTree = "<group>";
		};
		BCB740BE2BA5B0BA00269859 /* Repository */ = {
			isa = PBXGroup;
			children = (
				BCB740C32BA5B10400269859 /* ListServiceableProtocols.swift */,
				BCB740C52BA5B12600269859 /* ListService.swift */,
			);
			path = Repository;
			sourceTree = "<group>";
		};
		BCB740BF2BA5B0C300269859 /* View */ = {
			isa = PBXGroup;
			children = (
				BCB740CB2BA5B3F300269859 /* MainVC.swift */,
			);
			path = View;
			sourceTree = "<group>";
		};
		BCB740C02BA5B0C500269859 /* ViewModel */ = {
			isa = PBXGroup;
			children = (
				BCB740C72BA5B20600269859 /* MainViewModelProtocol.swift */,
				BCB740C92BA5B21D00269859 /* MainViewModel.swift */,
			);
			path = ViewModel;
			sourceTree = "<group>";
		};
		BCB740D32BA5B8F700269859 /* Manager */ = {
			isa = PBXGroup;
			children = (
				BCB740D42BA5B90F00269859 /* ServiceManager.swift */,
			);
			path = Manager;
			sourceTree = "<group>";
		};
/* End PBXGroup section */

/* Begin PBXNativeTarget section */
		BCB7407B2BA5AD6000269859 /* UnitTestExample */ = {
			isa = PBXNativeTarget;
			buildConfigurationList = BCB740A62BA5AD6100269859 /* Build configuration list for PBXNativeTarget "UnitTestExample" */;
			buildPhases = (
				BCB740782BA5AD6000269859 /* Sources */,
				BCB740792BA5AD6000269859 /* Frameworks */,
				BCB7407A2BA5AD6000269859 /* Resources */,
			);
			buildRules = (
			);
			dependencies = (
			);
			name = UnitTestExample;
			productName = UnitTestExample;
			productReference = BCB7407C2BA5AD6000269859 /* UnitTestExample.app */;
			productType = "com.apple.product-type.application";
		};
		BCB740912BA5AD6100269859 /* UnitTestExampleTests */ = {
			isa = PBXNativeTarget;
			buildConfigurationList = BCB740A92BA5AD6100269859 /* Build configuration list for PBXNativeTarget "UnitTestExampleTests" */;
			buildPhases = (
				BCB7408E2BA5AD6100269859 /* Sources */,
				BCB7408F2BA5AD6100269859 /* Frameworks */,
				BCB740902BA5AD6100269859 /* Resources */,
			);
			buildRules = (
			);
			dependencies = (
				BCB740942BA5AD6100269859 /* PBXTargetDependency */,
			);
			name = UnitTestExampleTests;
			productName = UnitTestExampleTests;
			productReference = BCB740922BA5AD6100269859 /* UnitTestExampleTests.xctest */;
			productType = "com.apple.product-type.bundle.unit-test";
		};
/* End PBXNativeTarget section */

/* Begin PBXProject section */
		BCB740742BA5AD6000269859 /* Project object */ = {
			isa = PBXProject;
			attributes = {
				BuildIndependentTargetsInParallel = 1;
				LastSwiftUpdateCheck = 1520;
				LastUpgradeCheck = 1520;
				TargetAttributes = {
					BCB7407B2BA5AD6000269859 = {
						CreatedOnToolsVersion = 15.2;
					};
					BCB740912BA5AD6100269859 = {
						CreatedOnToolsVersion = 15.2;
						TestTargetID = BCB7407B2BA5AD6000269859;
					};
				};
			};
			buildConfigurationList = BCB740772BA5AD6000269859 /* Build configuration list for PBXProject "UnitTestExample" */;
			compatibilityVersion = "Xcode 14.0";
			developmentRegion = en;
			hasScannedForEncodings = 0;
			knownRegions = (
				en,
				Base,
			);
			mainGroup = BCB740732BA5AD6000269859;
			productRefGroup = BCB7407D2BA5AD6000269859 /* Products */;
			projectDirPath = "";
			projectRoot = "";
			targets = (
				BCB7407B2BA5AD6000269859 /* UnitTestExample */,
				BCB740912BA5AD6100269859 /* UnitTestExampleTests */,
			);
		};
/* End PBXProject section */

/* Begin PBXResourcesBuildPhase section */
		BCB7407A2BA5AD6000269859 /* Resources */ = {
			isa = PBXResourcesBuildPhase;
			buildActionMask = 2147483647;
			files = (
				BCB7408C2BA5AD6100269859 /* LaunchScreen.storyboard in Resources */,
				BCB740892BA5AD6100269859 /* Assets.xcassets in Resources */,
				BCB740872BA5AD6000269859 /* Main.storyboard in Resources */,
			);
			runOnlyForDeploymentPostprocessing = 0;
		};
		BCB740902BA5AD6100269859 /* Resources */ = {
			isa = PBXResourcesBuildPhase;
			buildActionMask = 2147483647;
			files = (
			);
			runOnlyForDeploymentPostprocessing = 0;
		};
/* End PBXResourcesBuildPhase section */

/* Begin PBXSourcesBuildPhase section */
		BCB740782BA5AD6000269859 /* Sources */ = {
			isa = PBXSourcesBuildPhase;
			buildActionMask = 2147483647;
			files = (
				BCB740802BA5AD6000269859 /* AppDelegate.swift in Sources */,
				BCB740C62BA5B12600269859 /* ListService.swift in Sources */,
				BCB740C22BA5B0DE00269859 /* MainResponseModel.swift in Sources */,
				BCB740C82BA5B20600269859 /* MainViewModelProtocol.swift in Sources */,
				BCB740CC2BA5B3F300269859 /* MainVC.swift in Sources */,
				BCB740B82BA5AEA600269859 /* Endpointable.swift in Sources */,
				BCB740CA2BA5B21D00269859 /* MainViewModel.swift in Sources */,
				BCB740BA2BA5AEB800269859 /* Networkable.swift in Sources */,
				BCB740C42BA5B10400269859 /* ListServiceableProtocols.swift in Sources */,
				BCB740822BA5AD6000269859 /* SceneDelegate.swift in Sources */,
				BCB740BC2BA5B06D00269859 /* MainEndpoint.swift in Sources */,
				BCB740D52BA5B90F00269859 /* ServiceManager.swift in Sources */,
			);
			runOnlyForDeploymentPostprocessing = 0;
		};
		BCB7408E2BA5AD6100269859 /* Sources */ = {
			isa = PBXSourcesBuildPhase;
			buildActionMask = 2147483647;
			files = (
				BCB740D22BA5B63B00269859 /* MockJSONParser.swift in Sources */,
				BCB740CF2BA5B5C900269859 /* MockListService.swift in Sources */,
				BCB740972BA5AD6100269859 /* UnitTestExampleTests.swift in Sources */,
			);
			runOnlyForDeploymentPostprocessing = 0;
		};
/* End PBXSourcesBuildPhase section */

/* Begin PBXTargetDependency section */
		BCB740942BA5AD6100269859 /* PBXTargetDependency */ = {
			isa = PBXTargetDependency;
			target = BCB7407B2BA5AD6000269859 /* UnitTestExample */;
			targetProxy = BCB740932BA5AD6100269859 /* PBXContainerItemProxy */;
		};
/* End PBXTargetDependency section */

/* Begin PBXVariantGroup section */
		BCB740852BA5AD6000269859 /* Main.storyboard */ = {
			isa = PBXVariantGroup;
			children = (
				BCB740862BA5AD6000269859 /* Base */,
			);
			name = Main.storyboard;
			sourceTree = "<group>";
		};
		BCB7408A2BA5AD6100269859 /* LaunchScreen.storyboard */ = {
			isa = PBXVariantGroup;
			children = (
				BCB7408B2BA5AD6100269859 /* Base */,
			);
			name = LaunchScreen.storyboard;
			sourceTree = "<group>";
		};
/* End PBXVariantGroup section */

/* Begin XCBuildConfiguration section */
		BCB740A42BA5AD6100269859 /* Debug */ = {
			isa = XCBuildConfiguration;
			buildSettings = {
				ALWAYS_SEARCH_USER_PATHS = NO;
				ASSETCATALOG_COMPILER_GENERATE_SWIFT_ASSET_SYMBOL_EXTENSIONS = YES;
				CLANG_ANALYZER_NONNULL = YES;
				CLANG_ANALYZER_NUMBER_OBJECT_CONVERSION = YES_AGGRESSIVE;
				CLANG_CXX_LANGUAGE_STANDARD = "gnu++20";
				CLANG_ENABLE_MODULES = YES;
				CLANG_ENABLE_OBJC_ARC = YES;
				CLANG_ENABLE_OBJC_WEAK = YES;
				CLANG_WARN_BLOCK_CAPTURE_AUTORELEASING = YES;
				CLANG_WARN_BOOL_CONVERSION = YES;
				CLANG_WARN_COMMA = YES;
				CLANG_WARN_CONSTANT_CONVERSION = YES;
				CLANG_WARN_DEPRECATED_OBJC_IMPLEMENTATIONS = YES;
				CLANG_WARN_DIRECT_OBJC_ISA_USAGE = YES_ERROR;
				CLANG_WARN_DOCUMENTATION_COMMENTS = YES;
				CLANG_WARN_EMPTY_BODY = YES;
				CLANG_WARN_ENUM_CONVERSION = YES;
				CLANG_WARN_INFINITE_RECURSION = YES;
				CLANG_WARN_INT_CONVERSION = YES;
				CLANG_WARN_NON_LITERAL_NULL_CONVERSION = YES;
				CLANG_WARN_OBJC_IMPLICIT_RETAIN_SELF = YES;
				CLANG_WARN_OBJC_LITERAL_CONVERSION = YES;
				CLANG_WARN_OBJC_ROOT_CLASS = YES_ERROR;
				CLANG_WARN_QUOTED_INCLUDE_IN_FRAMEWORK_HEADER = YES;
				CLANG_WARN_RANGE_LOOP_ANALYSIS = YES;
				CLANG_WARN_STRICT_PROTOTYPES = YES;
				CLANG_WARN_SUSPICIOUS_MOVE = YES;
				CLANG_WARN_UNGUARDED_AVAILABILITY = YES_AGGRESSIVE;
				CLANG_WARN_UNREACHABLE_CODE = YES;
				CLANG_WARN__DUPLICATE_METHOD_MATCH = YES;
				COPY_PHASE_STRIP = NO;
				DEBUG_INFORMATION_FORMAT = dwarf;
				ENABLE_STRICT_OBJC_MSGSEND = YES;
				ENABLE_TESTABILITY = YES;
				ENABLE_USER_SCRIPT_SANDBOXING = YES;
				GCC_C_LANGUAGE_STANDARD = gnu17;
				GCC_DYNAMIC_NO_PIC = NO;
				GCC_NO_COMMON_BLOCKS = YES;
				GCC_OPTIMIZATION_LEVEL = 0;
				GCC_PREPROCESSOR_DEFINITIONS = (
					"DEBUG=1",
					"$(inherited)",
				);
				GCC_WARN_64_TO_32_BIT_CONVERSION = YES;
				GCC_WARN_ABOUT_RETURN_TYPE = YES_ERROR;
				GCC_WARN_UNDECLARED_SELECTOR = YES;
				GCC_WARN_UNINITIALIZED_AUTOS = YES_AGGRESSIVE;
				GCC_WARN_UNUSED_FUNCTION = YES;
				GCC_WARN_UNUSED_VARIABLE = YES;
				IPHONEOS_DEPLOYMENT_TARGET = 17.2;
				LOCALIZATION_PREFERS_STRING_CATALOGS = YES;
				MTL_ENABLE_DEBUG_INFO = INCLUDE_SOURCE;
				MTL_FAST_MATH = YES;
				ONLY_ACTIVE_ARCH = YES;
				SDKROOT = iphoneos;
				SWIFT_ACTIVE_COMPILATION_CONDITIONS = "DEBUG $(inherited)";
				SWIFT_OPTIMIZATION_LEVEL = "-Onone";
			};
			name = Debug;
		};
		BCB740A52BA5AD6100269859 /* Release */ = {
			isa = XCBuildConfiguration;
			buildSettings = {
				ALWAYS_SEARCH_USER_PATHS = NO;
				ASSETCATALOG_COMPILER_GENERATE_SWIFT_ASSET_SYMBOL_EXTENSIONS = YES;
				CLANG_ANALYZER_NONNULL = YES;
				CLANG_ANALYZER_NUMBER_OBJECT_CONVERSION = YES_AGGRESSIVE;
				CLANG_CXX_LANGUAGE_STANDARD = "gnu++20";
				CLANG_ENABLE_MODULES = YES;
				CLANG_ENABLE_OBJC_ARC = YES;
				CLANG_ENABLE_OBJC_WEAK = YES;
				CLANG_WARN_BLOCK_CAPTURE_AUTORELEASING = YES;
				CLANG_WARN_BOOL_CONVERSION = YES;
				CLANG_WARN_COMMA = YES;
				CLANG_WARN_CONSTANT_CONVERSION = YES;
				CLANG_WARN_DEPRECATED_OBJC_IMPLEMENTATIONS = YES;
				CLANG_WARN_DIRECT_OBJC_ISA_USAGE = YES_ERROR;
				CLANG_WARN_DOCUMENTATION_COMMENTS = YES;
				CLANG_WARN_EMPTY_BODY = YES;
				CLANG_WARN_ENUM_CONVERSION = YES;
				CLANG_WARN_INFINITE_RECURSION = YES;
				CLANG_WARN_INT_CONVERSION = YES;
				CLANG_WARN_NON_LITERAL_NULL_CONVERSION = YES;
				CLANG_WARN_OBJC_IMPLICIT_RETAIN_SELF = YES;
				CLANG_WARN_OBJC_LITERAL_CONVERSION = YES;
				CLANG_WARN_OBJC_ROOT_CLASS = YES_ERROR;
				CLANG_WARN_QUOTED_INCLUDE_IN_FRAMEWORK_HEADER = YES;
				CLANG_WARN_RANGE_LOOP_ANALYSIS = YES;
				CLANG_WARN_STRICT_PROTOTYPES = YES;
				CLANG_WARN_SUSPICIOUS_MOVE = YES;
				CLANG_WARN_UNGUARDED_AVAILABILITY = YES_AGGRESSIVE;
				CLANG_WARN_UNREACHABLE_CODE = YES;
				CLANG_WARN__DUPLICATE_METHOD_MATCH = YES;
				COPY_PHASE_STRIP = NO;
				DEBUG_INFORMATION_FORMAT = "dwarf-with-dsym";
				ENABLE_NS_ASSERTIONS = NO;
				ENABLE_STRICT_OBJC_MSGSEND = YES;
				ENABLE_USER_SCRIPT_SANDBOXING = YES;
				GCC_C_LANGUAGE_STANDARD = gnu17;
				GCC_NO_COMMON_BLOCKS = YES;
				GCC_WARN_64_TO_32_BIT_CONVERSION = YES;
				GCC_WARN_ABOUT_RETURN_TYPE = YES_ERROR;
				GCC_WARN_UNDECLARED_SELECTOR = YES;
				GCC_WARN_UNINITIALIZED_AUTOS = YES_AGGRESSIVE;
				GCC_WARN_UNUSED_FUNCTION = YES;
				GCC_WARN_UNUSED_VARIABLE = YES;
				IPHONEOS_DEPLOYMENT_TARGET = 17.2;
				LOCALIZATION_PREFERS_STRING_CATALOGS = YES;
				MTL_ENABLE_DEBUG_INFO = NO;
				MTL_FAST_MATH = YES;
				SDKROOT = iphoneos;
				SWIFT_COMPILATION_MODE = wholemodule;
				VALIDATE_PRODUCT = YES;
			};
			name = Release;
		};
		BCB740A72BA5AD6100269859 /* Debug */ = {
			isa = XCBuildConfiguration;
			buildSettings = {
				ASSETCATALOG_COMPILER_APPICON_NAME = AppIcon;
				ASSETCATALOG_COMPILER_GLOBAL_ACCENT_COLOR_NAME = AccentColor;
				CODE_SIGN_STYLE = Automatic;
				CURRENT_PROJECT_VERSION = 1;
				DEVELOPMENT_TEAM = QHYXVGKS7V;
				GENERATE_INFOPLIST_FILE = YES;
				INFOPLIST_FILE = UnitTestExample/Resources/Info.plist;
				INFOPLIST_KEY_UIApplicationSupportsIndirectInputEvents = YES;
				INFOPLIST_KEY_UILaunchStoryboardName = LaunchScreen;
				INFOPLIST_KEY_UIMainStoryboardFile = Main;
				INFOPLIST_KEY_UISupportedInterfaceOrientations_iPad = "UIInterfaceOrientationPortrait UIInterfaceOrientationPortraitUpsideDown UIInterfaceOrientationLandscapeLeft UIInterfaceOrientationLandscapeRight";
				INFOPLIST_KEY_UISupportedInterfaceOrientations_iPhone = "UIInterfaceOrientationPortrait UIInterfaceOrientationLandscapeLeft UIInterfaceOrientationLandscapeRight";
				LD_RUNPATH_SEARCH_PATHS = (
					"$(inherited)",
					"@executable_path/Frameworks",
				);
				MARKETING_VERSION = 1.0;
				PRODUCT_BUNDLE_IDENTIFIER = cenkbahadircark.UnitTestExample;
				PRODUCT_NAME = "$(TARGET_NAME)";
				SWIFT_EMIT_LOC_STRINGS = YES;
				SWIFT_VERSION = 5.0;
				TARGETED_DEVICE_FAMILY = "1,2";
			};
			name = Debug;
		};
		BCB740A82BA5AD6100269859 /* Release */ = {
			isa = XCBuildConfiguration;
			buildSettings = {
				ASSETCATALOG_COMPILER_APPICON_NAME = AppIcon;
				ASSETCATALOG_COMPILER_GLOBAL_ACCENT_COLOR_NAME = AccentColor;
				CODE_SIGN_STYLE = Automatic;
				CURRENT_PROJECT_VERSION = 1;
				DEVELOPMENT_TEAM = QHYXVGKS7V;
				GENERATE_INFOPLIST_FILE = YES;
				INFOPLIST_FILE = UnitTestExample/Resources/Info.plist;
				INFOPLIST_KEY_UIApplicationSupportsIndirectInputEvents = YES;
				INFOPLIST_KEY_UILaunchStoryboardName = LaunchScreen;
				INFOPLIST_KEY_UIMainStoryboardFile = Main;
				INFOPLIST_KEY_UISupportedInterfaceOrientations_iPad = "UIInterfaceOrientationPortrait UIInterfaceOrientationPortraitUpsideDown UIInterfaceOrientationLandscapeLeft UIInterfaceOrientationLandscapeRight";
				INFOPLIST_KEY_UISupportedInterfaceOrientations_iPhone = "UIInterfaceOrientationPortrait UIInterfaceOrientationLandscapeLeft UIInterfaceOrientationLandscapeRight";
				LD_RUNPATH_SEARCH_PATHS = (
					"$(inherited)",
					"@executable_path/Frameworks",
				);
				MARKETING_VERSION = 1.0;
				PRODUCT_BUNDLE_IDENTIFIER = cenkbahadircark.UnitTestExample;
				PRODUCT_NAME = "$(TARGET_NAME)";
				SWIFT_EMIT_LOC_STRINGS = YES;
				SWIFT_VERSION = 5.0;
				TARGETED_DEVICE_FAMILY = "1,2";
			};
			name = Release;
		};
		BCB740AA2BA5AD6100269859 /* Debug */ = {
			isa = XCBuildConfiguration;
			buildSettings = {
				ALWAYS_EMBED_SWIFT_STANDARD_LIBRARIES = YES;
				BUNDLE_LOADER = "$(TEST_HOST)";
				CODE_SIGN_STYLE = Automatic;
				CURRENT_PROJECT_VERSION = 1;
				DEVELOPMENT_TEAM = QHYXVGKS7V;
				GENERATE_INFOPLIST_FILE = YES;
				IPHONEOS_DEPLOYMENT_TARGET = 17.2;
				MARKETING_VERSION = 1.0;
				PRODUCT_BUNDLE_IDENTIFIER = cenkbahadircark.UnitTestExampleTests;
				PRODUCT_NAME = "$(TARGET_NAME)";
				SWIFT_EMIT_LOC_STRINGS = NO;
				SWIFT_VERSION = 5.0;
				TARGETED_DEVICE_FAMILY = "1,2";
				TEST_HOST = "$(BUILT_PRODUCTS_DIR)/UnitTestExample.app/$(BUNDLE_EXECUTABLE_FOLDER_PATH)/UnitTestExample";
			};
			name = Debug;
		};
		BCB740AB2BA5AD6100269859 /* Release */ = {
			isa = XCBuildConfiguration;
			buildSettings = {
				ALWAYS_EMBED_SWIFT_STANDARD_LIBRARIES = YES;
				BUNDLE_LOADER = "$(TEST_HOST)";
				CODE_SIGN_STYLE = Automatic;
				CURRENT_PROJECT_VERSION = 1;
				DEVELOPMENT_TEAM = QHYXVGKS7V;
				GENERATE_INFOPLIST_FILE = YES;
				IPHONEOS_DEPLOYMENT_TARGET = 17.2;
				MARKETING_VERSION = 1.0;
				PRODUCT_BUNDLE_IDENTIFIER = cenkbahadircark.UnitTestExampleTests;
				PRODUCT_NAME = "$(TARGET_NAME)";
				SWIFT_EMIT_LOC_STRINGS = NO;
				SWIFT_VERSION = 5.0;
				TARGETED_DEVICE_FAMILY = "1,2";
				TEST_HOST = "$(BUILT_PRODUCTS_DIR)/UnitTestExample.app/$(BUNDLE_EXECUTABLE_FOLDER_PATH)/UnitTestExample";
			};
			name = Release;
		};
/* End XCBuildConfiguration section */

/* Begin XCConfigurationList section */
		BCB740772BA5AD6000269859 /* Build configuration list for PBXProject "UnitTestExample" */ = {
			isa = XCConfigurationList;
			buildConfigurations = (
				BCB740A42BA5AD6100269859 /* Debug */,
				BCB740A52BA5AD6100269859 /* Release */,
			);
			defaultConfigurationIsVisible = 0;
			defaultConfigurationName = Release;
		};
		BCB740A62BA5AD6100269859 /* Build configuration list for PBXNativeTarget "UnitTestExample" */ = {
			isa = XCConfigurationList;
			buildConfigurations = (
				BCB740A72BA5AD6100269859 /* Debug */,
				BCB740A82BA5AD6100269859 /* Release */,
			);
			defaultConfigurationIsVisible = 0;
			defaultConfigurationName = Release;
		};
		BCB740A92BA5AD6100269859 /* Build configuration list for PBXNativeTarget "UnitTestExampleTests" */ = {
			isa = XCConfigurationList;
			buildConfigurations = (
				BCB740AA2BA5AD6100269859 /* Debug */,
				BCB740AB2BA5AD6100269859 /* Release */,
			);
			defaultConfigurationIsVisible = 0;
			defaultConfigurationName = Release;
		};
/* End XCConfigurationList section */
	};
	rootObject = BCB740742BA5AD6000269859 /* Project object */;
}
